schema: '2.0'
stages:
  preprocess_sentiment:
    cmd: python pipeline/preprocess_sentiment.py --input-csv 
      data/raw/sentiment_tweets.csv --output-csv 
      data/processed/sentiment_clean.csv --clean-lower
    deps:
    - path: data/raw/sentiment_tweets.csv
      hash: md5
      md5: a6d15b99f64b21086e58a59b354a9c52
      size: 238814030
    - path: pipeline/preprocess_sentiment.py
      hash: md5
      md5: 416445fa4ad4df78d5ff2abc939044bf
      size: 868
    outs:
    - path: data/processed/sentiment_clean.csv
      hash: md5
      md5: b5e8c44dd3e4184b8e1c138879b1fb62
      size: 122159432
  preprocess_intent:
    cmd: python pipeline/preprocess_intent.py --input-csv 
      data/raw/intent_tweets.csv --output-csv data/processed/intent_clean.csv 
      --clean-lower
    deps:
    - path: data/raw/intent_tweets.csv
      hash: md5
      md5: e924564b500617fcc2094a1135b792c2
      size: 1861010
    - path: pipeline/preprocess_intent.py
      hash: md5
      md5: 8acc3c9b58dc7d54d460ba89db1ea146
      size: 785
    outs:
    - path: data/processed/intent_clean.csv
      hash: md5
      md5: 757bc27737582111b64a9aceebfedf55
      size: 1676890
  train_sentiment:
    cmd: python pipeline/train_sentiment.py --data 
      data/processed/sentiment_clean.csv --model-dir models/sentiment
    deps:
    - path: data/processed/sentiment_clean.csv
      hash: md5
      md5: b5e8c44dd3e4184b8e1c138879b1fb62
      size: 122159432
    - path: params/sentiment.yaml
      hash: md5
      md5: 47071d679edaa13e4c85c4b67f8879c6
      size: 112
    - path: pipeline/train_sentiment.py
      hash: md5
      md5: 402b68b5f5b3fb58e8870ffeff285754
      size: 2533
  train_intent:
    cmd: python pipeline/train_intent.py --data data/processed/intent_clean.csv 
      --model-dir models/intent
    deps:
    - path: data/processed/intent_clean.csv
      hash: md5
      md5: 757bc27737582111b64a9aceebfedf55
      size: 1676890
    - path: params/intent.yaml
      hash: md5
      md5: 40e6a4477561a65158c2812353012722
      size: 62
    - path: pipeline/train_intent.py
      hash: md5
      md5: b735a19042926e06ab182fa952a46779
      size: 2127
